
Microsoft Visual Studio Solution File, Format Version 12.00
# Visual Studio 15
VisualStudioVersion = 15.0.28307.960
MinimumVisualStudioVersion = 10.0.40219.1
Project("{FAE04EC0-301F-11D3-BF4B-00C04F79EFBC}") = "QLKHO", "QLKHO\QLKHO.csproj", "{B197D139-7042-4BAD-89D8-AD677DD26E46}"
EndProject
Global
	GlobalSection(SolutionConfigurationPlatforms) = preSolution
		Debug|Any CPU = Debug|Any CPU
		Release|Any CPU = Release|Any CPU
	EndGlobalSection
	GlobalSection(ProjectConfigurationPlatforms) = postSolution
		{B197D139-7042-4BAD-89D8-AD677DD26E46}.Debug|Any CPU.ActiveCfg = Debug|Any CPU
		{B197D139-7042-4BAD-89D8-AD677DD26E46}.Debug|Any CPU.Build.0 = Debug|Any CPU
		{B197D139-7042-4BAD-89D8-AD677DD26E46}.Release|Any CPU.ActiveCfg = Release|Any CPU
		{B197D139-7042-4BAD-89D8-AD677DD26E46}.Release|Any CPU.Build.0 = Release|Any CPU
	EndGlobalSection
	GlobalSection(SolutionProperties) = preSolution
		HideSolutionNode = FALSE
	EndGlobalSection
	GlobalSection(ExtensibilityGlobals) = postSolution
		SolutionGuid = {D770ADE5-5726-4C59-9361-F9EDA4072384}
	EndGlobalSection
EndGlobal
